
Microsoft Visual Studio Solution File, Format Version 12.00
# Visual Studio Version 16
VisualStudioVersion = 16.0.31424.327
MinimumVisualStudioVersion = 10.0.40219.1
Project("{9A19103F-16F7-4668-BE54-9A1E7A4F7556}") = "SBMMember.Web", "SBMMember.Web\SBMMember.Web.csproj", "{8736B66D-8391-4CEB-A165-27C80E714EDF}"
EndProject
Project("{9A19103F-16F7-4668-BE54-9A1E7A4F7556}") = "SBMMember.Models", "SBMMember.Models\SBMMember.Models.csproj", "{2B77DEDF-16CA-4D98-95E0-80D141578FB1}"
EndProject
Project("{9A19103F-16F7-4668-BE54-9A1E7A4F7556}") = "SBMMember.Data", "SBMMember.Data\SBMMember.Data.csproj", "{9FEFBF30-D9A0-44D7-B0D2-90F2560C2184}"
EndProject
Global
	GlobalSection(SolutionConfigurationPlatforms) = preSolution
		Debug|Any CPU = Debug|Any CPU
		Release|Any CPU = Release|Any CPU
	EndGlobalSection
	GlobalSection(ProjectConfigurationPlatforms) = postSolution
		{8736B66D-8391-4CEB-A165-27C80E714EDF}.Debug|Any CPU.ActiveCfg = Debug|Any CPU
		{8736B66D-8391-4CEB-A165-27C80E714EDF}.Debug|Any CPU.Build.0 = Debug|Any CPU
		{8736B66D-8391-4CEB-A165-27C80E714EDF}.Release|Any CPU.ActiveCfg = Release|Any CPU
		{8736B66D-8391-4CEB-A165-27C80E714EDF}.Release|Any CPU.Build.0 = Release|Any CPU
		{2B77DEDF-16CA-4D98-95E0-80D141578FB1}.Debug|Any CPU.ActiveCfg = Debug|Any CPU
		{2B77DEDF-16CA-4D98-95E0-80D141578FB1}.Debug|Any CPU.Build.0 = Debug|Any CPU
		{2B77DEDF-16CA-4D98-95E0-80D141578FB1}.Release|Any CPU.ActiveCfg = Release|Any CPU
		{2B77DEDF-16CA-4D98-95E0-80D141578FB1}.Release|Any CPU.Build.0 = Release|Any CPU
		{9FEFBF30-D9A0-44D7-B0D2-90F2560C2184}.Debug|Any CPU.ActiveCfg = Debug|Any CPU
		{9FEFBF30-D9A0-44D7-B0D2-90F2560C2184}.Debug|Any CPU.Build.0 = Debug|Any CPU
		{9FEFBF30-D9A0-44D7-B0D2-90F2560C2184}.Release|Any CPU.ActiveCfg = Release|Any CPU
		{9FEFBF30-D9A0-44D7-B0D2-90F2560C2184}.Release|Any CPU.Build.0 = Release|Any CPU
	EndGlobalSection
	GlobalSection(SolutionProperties) = preSolution
		HideSolutionNode = FALSE
	EndGlobalSection
	GlobalSection(ExtensibilityGlobals) = postSolution
		SolutionGuid = {20BCA4DA-D4FB-49AE-AC53-C650BBA3110A}
	EndGlobalSection
EndGlobal
